
Microsoft Visual Studio Solution File, Format Version 12.00
# Visual Studio Version 17
VisualStudioVersion = 17.0.31717.71
MinimumVisualStudioVersion = 10.0.40219.1
Project("{FAE04EC0-301F-11D3-BF4B-00C04F79EFBC}") = "StrategyPattern", "StrategyPattern.csproj", "{ECE71B3C-6226-4680-B04C-E337CC619203}"
EndProject
Global
	GlobalSection(SolutionConfigurationPlatforms) = preSolution
		Debug|Any CPU = Debug|Any CPU
		Release|Any CPU = Release|Any CPU
	EndGlobalSection
	GlobalSection(ProjectConfigurationPlatforms) = postSolution
		{ECE71B3C-6226-4680-B04C-E337CC619203}.Debug|Any CPU.ActiveCfg = Debug|Any CPU
		{ECE71B3C-6226-4680-B04C-E337CC619203}.Debug|Any CPU.Build.0 = Debug|Any CPU
		{ECE71B3C-6226-4680-B04C-E337CC619203}.Release|Any CPU.ActiveCfg = Release|Any CPU
		{ECE71B3C-6226-4680-B04C-E337CC619203}.Release|Any CPU.Build.0 = Release|Any CPU
	EndGlobalSection
	GlobalSection(SolutionProperties) = preSolution
		HideSolutionNode = FALSE
	EndGlobalSection
	GlobalSection(ExtensibilityGlobals) = postSolution
		SolutionGuid = {6FA29202-A9CE-4A72-AB65-B2CC4FAEC47C}
	EndGlobalSection
EndGlobal
